
Microsoft Visual Studio Solution File, Format Version 12.00
# Visual Studio Version 17
VisualStudioVersion = 17.12.35707.178 d17.12
MinimumVisualStudioVersion = 10.0.40219.1
Project("{2150E333-8FDC-42A3-9474-1A3956D46DE8}") = "doc", "doc", "{EF6227BE-B827-46BF-898B-A11109B53FAE}"
	ProjectSection(SolutionItems) = preProject
		LICENSE = LICENSE
		README.md = README.md
	EndProjectSection
EndProject
Project("{2150E333-8FDC-42A3-9474-1A3956D46DE8}") = "src", "src", "{48577A35-769A-4AC9-846B-F4A146773346}"
EndProject
Project("{2150E333-8FDC-42A3-9474-1A3956D46DE8}") = "sample", "sample", "{FB678DFE-6790-4559-B2B5-C7F6D983E43D}"
EndProject
Project("{2150E333-8FDC-42A3-9474-1A3956D46DE8}") = "test", "test", "{F1108880-02B3-4892-8532-BD4672605C85}"
EndProject
Project("{FAE04EC0-301F-11D3-BF4B-00C04F79EFBC}") = "OpenBuffet.BlockChain.Core", "src\OpenBuffet.BlockChain.Core\OpenBuffet.BlockChain.Core.csproj", "{DCF43A73-6049-44D5-BB1C-B21D02D68A4F}"
EndProject
Project("{FAE04EC0-301F-11D3-BF4B-00C04F79EFBC}") = "OpenBuffet.BlockChain.Sample", "sample\OpenBuffet.BlockChain.Sample\OpenBuffet.BlockChain.Sample.csproj", "{8A33D901-8700-42BA-9C32-FD81774C9CD6}"
EndProject
Project("{FAE04EC0-301F-11D3-BF4B-00C04F79EFBC}") = "OpenBuffet.BlockChain.Test", "test\OpenBuffet.BlockChain.Test\OpenBuffet.BlockChain.Test.csproj", "{7AF5E426-64CF-4277-A3EF-C8D1DB37EFEC}"
EndProject
Global
	GlobalSection(SolutionConfigurationPlatforms) = preSolution
		Debug|Any CPU = Debug|Any CPU
		Release|Any CPU = Release|Any CPU
	EndGlobalSection
	GlobalSection(ProjectConfigurationPlatforms) = postSolution
		{DCF43A73-6049-44D5-BB1C-B21D02D68A4F}.Debug|Any CPU.ActiveCfg = Debug|Any CPU
		{DCF43A73-6049-44D5-BB1C-B21D02D68A4F}.Debug|Any CPU.Build.0 = Debug|Any CPU
		{DCF43A73-6049-44D5-BB1C-B21D02D68A4F}.Release|Any CPU.ActiveCfg = Release|Any CPU
		{DCF43A73-6049-44D5-BB1C-B21D02D68A4F}.Release|Any CPU.Build.0 = Release|Any CPU
		{8A33D901-8700-42BA-9C32-FD81774C9CD6}.Debug|Any CPU.ActiveCfg = Debug|Any CPU
		{8A33D901-8700-42BA-9C32-FD81774C9CD6}.Debug|Any CPU.Build.0 = Debug|Any CPU
		{8A33D901-8700-42BA-9C32-FD81774C9CD6}.Release|Any CPU.ActiveCfg = Release|Any CPU
		{8A33D901-8700-42BA-9C32-FD81774C9CD6}.Release|Any CPU.Build.0 = Release|Any CPU
		{7AF5E426-64CF-4277-A3EF-C8D1DB37EFEC}.Debug|Any CPU.ActiveCfg = Debug|Any CPU
		{7AF5E426-64CF-4277-A3EF-C8D1DB37EFEC}.Debug|Any CPU.Build.0 = Debug|Any CPU
		{7AF5E426-64CF-4277-A3EF-C8D1DB37EFEC}.Release|Any CPU.ActiveCfg = Release|Any CPU
		{7AF5E426-64CF-4277-A3EF-C8D1DB37EFEC}.Release|Any CPU.Build.0 = Release|Any CPU
	EndGlobalSection
	GlobalSection(SolutionProperties) = preSolution
		HideSolutionNode = FALSE
	EndGlobalSection
	GlobalSection(NestedProjects) = preSolution
		{DCF43A73-6049-44D5-BB1C-B21D02D68A4F} = {48577A35-769A-4AC9-846B-F4A146773346}
		{8A33D901-8700-42BA-9C32-FD81774C9CD6} = {FB678DFE-6790-4559-B2B5-C7F6D983E43D}
		{7AF5E426-64CF-4277-A3EF-C8D1DB37EFEC} = {F1108880-02B3-4892-8532-BD4672605C85}
	EndGlobalSection
EndGlobal
